<?xml version="1.0" encoding="utf-8"?>
<Project ToolsVersion="4.0" xmlns="http://schemas.microsoft.com/developer/msbuild/2003">
  <ItemGroup>
    <Filter Include="Header Files">
      <UniqueIdentifier>{93995380-89BD-4b04-88EB-625FBE52EBFB}</UniqueIdentifier>
      <Extensions>h;hh;hpp;hxx;hm;inl;inc;xsd</Extensions>
    </Filter>
    <Filter Include="caffe">
      <UniqueIdentifier>{925c758d-93ab-4449-bfee-1543bdc26b21}</UniqueIdentifier>
    </Filter>
    <Filter Include="caffe\layers">
      <UniqueIdentifier>{983e1ebd-1de7-4248-8287-7966ed0258d0}</UniqueIdentifier>
    </Filter>
    <Filter Include="caffe\proto">
      <UniqueIdentifier>{77ee96bc-528b-44ed-b966-ecaeb3176329}</UniqueIdentifier>
    </Filter>
    <Filter Include="caffe\util">
      <UniqueIdentifier>{7dc04c41-4f3f-4795-9e42-a79882a415ed}</UniqueIdentifier>
    </Filter>
    <Filter Include="caffe\solvers">
      <UniqueIdentifier>{a0b0a0c5-7619-4047-b2cc-2a2e2f238cbf}</UniqueIdentifier>
    </Filter>
    <Filter Include="tool">
      <UniqueIdentifier>{7d6af4f8-069b-433d-acc4-19d69ab961ee}</UniqueIdentifier>
    </Filter>
    <Filter Include="caffe\includes">
      <UniqueIdentifier>{37571184-c28e-4a9b-8cbd-ea90ba50c102}</UniqueIdentifier>
    </Filter>
  </ItemGroup>
  <ItemGroup>
    <ClCompile Include="..\..\src\caffe\blob.cpp">
      <Filter>caffe</Filter>
    </ClCompile>
    <ClCompile Include="..\..\src\caffe\common.cpp">
      <Filter>caffe</Filter>
    </ClCompile>
    <ClCompile Include="..\..\src\caffe\data_transformer.cpp">
      <Filter>caffe</Filter>
    </ClCompile>
    <ClCompile Include="..\..\src\caffe\internal_thread.cpp">
      <Filter>caffe</Filter>
    </ClCompile>
    <ClCompile Include="..\..\src\caffe\layer_factory.cpp">
      <Filter>caffe</Filter>
    </ClCompile>
    <ClCompile Include="..\..\src\caffe\net.cpp">
      <Filter>caffe</Filter>
    </ClCompile>
    <ClCompile Include="..\..\src\caffe\solver.cpp">
      <Filter>caffe</Filter>
    </ClCompile>
    <ClCompile Include="..\..\src\caffe\syncedmem.cpp">
      <Filter>caffe</Filter>
    </ClCompile>
    <ClCompile Include="..\..\src\caffe\data_reader.cpp">
      <Filter>caffe</Filter>
    </ClCompile>
    <ClCompile Include="..\..\src\caffe\layer.cpp">
      <Filter>caffe</Filter>
    </ClCompile>
    <ClCompile Include="..\..\src\caffe\parallel.cpp">
      <Filter>caffe</Filter>
    </ClCompile>
    <ClCompile Include="..\..\src\caffe\layers\absval_layer.cpp">
      <Filter>caffe\layers</Filter>
    </ClCompile>
    <ClCompile Include="..\..\src\caffe\layers\accuracy_layer.cpp">
      <Filter>caffe\layers</Filter>
    </ClCompile>
    <ClCompile Include="..\..\src\caffe\layers\argmax_layer.cpp">
      <Filter>caffe\layers</Filter>
    </ClCompile>
    <ClCompile Include="..\..\src\caffe\layers\base_conv_layer.cpp">
      <Filter>caffe\layers</Filter>
    </ClCompile>
    <ClCompile Include="..\..\src\caffe\layers\base_data_layer.cpp">
      <Filter>caffe\layers</Filter>
    </ClCompile>
    <ClCompile Include="..\..\src\caffe\layers\bnll_layer.cpp">
      <Filter>caffe\layers</Filter>
    </ClCompile>
    <ClCompile Include="..\..\src\caffe\layers\concat_layer.cpp">
      <Filter>caffe\layers</Filter>
    </ClCompile>
    <ClCompile Include="..\..\src\caffe\layers\contrastive_loss_layer.cpp">
      <Filter>caffe\layers</Filter>
    </ClCompile>
    <ClCompile Include="..\..\src\caffe\layers\conv_layer.cpp">
      <Filter>caffe\layers</Filter>
    </ClCompile>
    <ClCompile Include="..\..\src\caffe\layers\cudnn_conv_layer.cpp">
      <Filter>caffe\layers</Filter>
    </ClCompile>
    <ClCompile Include="..\..\src\caffe\layers\cudnn_pooling_layer.cpp">
      <Filter>caffe\layers</Filter>
    </ClCompile>
    <ClCompile Include="..\..\src\caffe\layers\cudnn_relu_layer.cpp">
      <Filter>caffe\layers</Filter>
    </ClCompile>
    <ClCompile Include="..\..\src\caffe\layers\cudnn_sigmoid_layer.cpp">
      <Filter>caffe\layers</Filter>
    </ClCompile>
    <ClCompile Include="..\..\src\caffe\layers\cudnn_softmax_layer.cpp">
      <Filter>caffe\layers</Filter>
    </ClCompile>
    <ClCompile Include="..\..\src\caffe\layers\cudnn_tanh_layer.cpp">
      <Filter>caffe\layers</Filter>
    </ClCompile>
    <ClCompile Include="..\..\src\caffe\layers\data_layer.cpp">
      <Filter>caffe\layers</Filter>
    </ClCompile>
    <ClCompile Include="..\..\src\caffe\layers\deconv_layer.cpp">
      <Filter>caffe\layers</Filter>
    </ClCompile>
    <ClCompile Include="..\..\src\caffe\layers\dropout_layer.cpp">
      <Filter>caffe\layers</Filter>
    </ClCompile>
    <ClCompile Include="..\..\src\caffe\layers\dummy_data_layer.cpp">
      <Filter>caffe\layers</Filter>
    </ClCompile>
    <ClCompile Include="..\..\src\caffe\layers\eltwise_layer.cpp">
      <Filter>caffe\layers</Filter>
    </ClCompile>
    <ClCompile Include="..\..\src\caffe\layers\euclidean_loss_layer.cpp">
      <Filter>caffe\layers</Filter>
    </ClCompile>
    <ClCompile Include="..\..\src\caffe\layers\exp_layer.cpp">
      <Filter>caffe\layers</Filter>
    </ClCompile>
    <ClCompile Include="..\..\src\caffe\layers\flatten_layer.cpp">
      <Filter>caffe\layers</Filter>
    </ClCompile>
    <ClCompile Include="..\..\src\caffe\layers\hdf5_data_layer.cpp">
      <Filter>caffe\layers</Filter>
    </ClCompile>
    <ClCompile Include="..\..\src\caffe\layers\hdf5_output_layer.cpp">
      <Filter>caffe\layers</Filter>
    </ClCompile>
    <ClCompile Include="..\..\src\caffe\layers\hinge_loss_layer.cpp">
      <Filter>caffe\layers</Filter>
    </ClCompile>
    <ClCompile Include="..\..\src\caffe\layers\im2col_layer.cpp">
      <Filter>caffe\layers</Filter>
    </ClCompile>
    <ClCompile Include="..\..\src\caffe\layers\image_data_layer.cpp">
      <Filter>caffe\layers</Filter>
    </ClCompile>
    <ClCompile Include="..\..\src\caffe\layers\infogain_loss_layer.cpp">
      <Filter>caffe\layers</Filter>
    </ClCompile>
    <ClCompile Include="..\..\src\caffe\layers\inner_product_layer.cpp">
      <Filter>caffe\layers</Filter>
    </ClCompile>
    <ClCompile Include="..\..\src\caffe\layers\loss_layer.cpp">
      <Filter>caffe\layers</Filter>
    </ClCompile>
    <ClCompile Include="..\..\src\caffe\layers\lrn_layer.cpp">
      <Filter>caffe\layers</Filter>
    </ClCompile>
    <ClCompile Include="..\..\src\caffe\layers\multinomial_logistic_loss_layer.cpp">
      <Filter>caffe\layers</Filter>
    </ClCompile>
    <ClCompile Include="..\..\src\caffe\layers\mvn_layer.cpp">
      <Filter>caffe\layers</Filter>
    </ClCompile>
    <ClCompile Include="..\..\src\caffe\layers\neuron_layer.cpp">
      <Filter>caffe\layers</Filter>
    </ClCompile>
    <ClCompile Include="..\..\src\caffe\layers\pooling_layer.cpp">
      <Filter>caffe\layers</Filter>
    </ClCompile>
    <ClCompile Include="..\..\src\caffe\layers\power_layer.cpp">
      <Filter>caffe\layers</Filter>
    </ClCompile>
    <ClCompile Include="..\..\src\caffe\layers\prelu_layer.cpp">
      <Filter>caffe\layers</Filter>
    </ClCompile>
    <ClCompile Include="..\..\src\caffe\layers\relu_layer.cpp">
      <Filter>caffe\layers</Filter>
    </ClCompile>
    <ClCompile Include="..\..\src\caffe\layers\sigmoid_cross_entropy_loss_layer.cpp">
      <Filter>caffe\layers</Filter>
    </ClCompile>
    <ClCompile Include="..\..\src\caffe\layers\sigmoid_layer.cpp">
      <Filter>caffe\layers</Filter>
    </ClCompile>
    <ClCompile Include="..\..\src\caffe\layers\silence_layer.cpp">
      <Filter>caffe\layers</Filter>
    </ClCompile>
    <ClCompile Include="..\..\src\caffe\layers\slice_layer.cpp">
      <Filter>caffe\layers</Filter>
    </ClCompile>
    <ClCompile Include="..\..\src\caffe\layers\softmax_layer.cpp">
      <Filter>caffe\layers</Filter>
    </ClCompile>
    <ClCompile Include="..\..\src\caffe\layers\softmax_loss_layer.cpp">
      <Filter>caffe\layers</Filter>
    </ClCompile>
    <ClCompile Include="..\..\src\caffe\layers\split_layer.cpp">
      <Filter>caffe\layers</Filter>
    </ClCompile>
    <ClCompile Include="..\..\src\caffe\layers\tanh_layer.cpp">
      <Filter>caffe\layers</Filter>
    </ClCompile>
    <ClCompile Include="..\..\src\caffe\layers\threshold_layer.cpp">
      <Filter>caffe\layers</Filter>
    </ClCompile>
    <ClCompile Include="..\..\src\caffe\layers\window_data_layer.cpp">
      <Filter>caffe\layers</Filter>
    </ClCompile>
    <ClCompile Include="..\..\src\caffe\layers\batch_norm_layer.cpp">
      <Filter>caffe\layers</Filter>
    </ClCompile>
    <ClCompile Include="..\..\src\caffe\layers\batch_reindex_layer.cpp">
      <Filter>caffe\layers</Filter>
    </ClCompile>
    <ClCompile Include="..\..\src\caffe\layers\bias_layer.cpp">
      <Filter>caffe\layers</Filter>
    </ClCompile>
    <ClCompile Include="..\..\src\caffe\layers\crop_layer.cpp">
      <Filter>caffe\layers</Filter>
    </ClCompile>
    <ClCompile Include="..\..\src\caffe\layers\cudnn_lcn_layer.cpp">
      <Filter>caffe\layers</Filter>
    </ClCompile>
    <ClCompile Include="..\..\src\caffe\layers\cudnn_lrn_layer.cpp">
      <Filter>caffe\layers</Filter>
    </ClCompile>
    <ClCompile Include="..\..\src\caffe\layers\elu_layer.cpp">
      <Filter>caffe\layers</Filter>
    </ClCompile>
    <ClCompile Include="..\..\src\caffe\layers\embed_layer.cpp">
      <Filter>caffe\layers</Filter>
    </ClCompile>
    <ClCompile Include="..\..\src\caffe\layers\filter_layer.cpp">
      <Filter>caffe\layers</Filter>
    </ClCompile>
    <ClCompile Include="..\..\src\caffe\layers\input_layer.cpp">
      <Filter>caffe\layers</Filter>
    </ClCompile>
    <ClCompile Include="..\..\src\caffe\layers\log_layer.cpp">
      <Filter>caffe\layers</Filter>
    </ClCompile>
    <ClCompile Include="..\..\src\caffe\layers\parameter_layer.cpp">
      <Filter>caffe\layers</Filter>
    </ClCompile>
    <ClCompile Include="..\..\src\caffe\layers\reduction_layer.cpp">
      <Filter>caffe\layers</Filter>
    </ClCompile>
    <ClCompile Include="..\..\src\caffe\layers\reshape_layer.cpp">
      <Filter>caffe\layers</Filter>
    </ClCompile>
    <ClCompile Include="..\..\src\caffe\layers\scale_layer.cpp">
      <Filter>caffe\layers</Filter>
    </ClCompile>
    <ClCompile Include="..\..\src\caffe\layers\spp_layer.cpp">
      <Filter>caffe\layers</Filter>
    </ClCompile>
    <ClCompile Include="..\..\src\caffe\layers\tile_layer.cpp">
      <Filter>caffe\layers</Filter>
    </ClCompile>
    <ClCompile Include="..\..\src\caffe\proto\caffe.pb.cc">
      <Filter>caffe\proto</Filter>
    </ClCompile>
    <ClCompile Include="..\..\src\caffe\util\benchmark.cpp">
      <Filter>caffe\util</Filter>
    </ClCompile>
    <ClCompile Include="..\..\src\caffe\util\cudnn.cpp">
      <Filter>caffe\util</Filter>
    </ClCompile>
    <ClCompile Include="..\..\src\caffe\util\db.cpp">
      <Filter>caffe\util</Filter>
    </ClCompile>
    <ClCompile Include="..\..\src\caffe\util\im2col.cpp">
      <Filter>caffe\util</Filter>
    </ClCompile>
    <ClCompile Include="..\..\src\caffe\util\insert_splits.cpp">
      <Filter>caffe\util</Filter>
    </ClCompile>
    <ClCompile Include="..\..\src\caffe\util\io.cpp">
      <Filter>caffe\util</Filter>
    </ClCompile>
    <ClCompile Include="..\..\src\caffe\util\math_functions.cpp">
      <Filter>caffe\util</Filter>
    </ClCompile>
    <ClCompile Include="..\..\src\caffe\util\upgrade_proto.cpp">
      <Filter>caffe\util</Filter>
    </ClCompile>
    <ClCompile Include="..\..\src\caffe\util\blocking_queue.cpp">
      <Filter>caffe\util</Filter>
    </ClCompile>
    <ClCompile Include="..\..\src\caffe\util\db_leveldb.cpp">
      <Filter>caffe\util</Filter>
    </ClCompile>
    <ClCompile Include="..\..\src\caffe\util\db_lmdb.cpp">
      <Filter>caffe\util</Filter>
    </ClCompile>
    <ClCompile Include="..\..\src\caffe\util\hdf5.cpp">
      <Filter>caffe\util</Filter>
    </ClCompile>
    <ClCompile Include="..\..\src\caffe\util\signal_handler.cpp">
      <Filter>caffe\util</Filter>
    </ClCompile>
    <ClCompile Include="..\..\src\caffe\solvers\adadelta_solver.cpp">
      <Filter>caffe\solvers</Filter>
    </ClCompile>
    <ClCompile Include="..\..\src\caffe\solvers\adagrad_solver.cpp">
      <Filter>caffe\solvers</Filter>
    </ClCompile>
    <ClCompile Include="..\..\src\caffe\solvers\adam_solver.cpp">
      <Filter>caffe\solvers</Filter>
    </ClCompile>
    <ClCompile Include="..\..\src\caffe\solvers\nesterov_solver.cpp">
      <Filter>caffe\solvers</Filter>
    </ClCompile>
    <ClCompile Include="..\..\src\caffe\solvers\rmsprop_solver.cpp">
      <Filter>caffe\solvers</Filter>
    </ClCompile>
    <ClCompile Include="..\..\src\caffe\solvers\sgd_solver.cpp">
      <Filter>caffe\solvers</Filter>
    </ClCompile>
    <ClCompile Include="..\..\src\caffe\layers\lstm_layer.cpp">
      <Filter>caffe\layers</Filter>
    </ClCompile>
    <ClCompile Include="..\..\src\caffe\layers\lstm_unit_layer.cpp">
      <Filter>caffe\layers</Filter>
    </ClCompile>
    <ClCompile Include="..\..\src\caffe\layers\recurrent_layer.cpp">
      <Filter>caffe\layers</Filter>
    </ClCompile>
    <ClCompile Include="..\..\src\caffe\layers\rnn_layer.cpp">
      <Filter>caffe\layers</Filter>
    </ClCompile>
    <ClCompile Include="..\..\src\caffe\layers\ctc_decoder_layer.cpp">
      <Filter>caffe\layers</Filter>
    </ClCompile>
    <ClCompile Include="..\..\src\caffe\layers\ctcpp_entrypoint.cpp">
      <Filter>caffe\layers</Filter>
    </ClCompile>
    <ClCompile Include="..\..\src\caffe\layers\reverse_layer.cpp">
      <Filter>caffe\layers</Filter>
    </ClCompile>
    <ClCompile Include="..\..\src\caffe\layers\reverse_time_layer.cpp">
      <Filter>caffe\layers</Filter>
    </ClCompile>
    <ClCompile Include="..\..\src\caffe\layers\transpose_layer.cpp">
      <Filter>caffe\layers</Filter>
    </ClCompile>
    <ClCompile Include="..\..\src\caffe\layers\warp_ctc_loss_layer.cpp">
      <Filter>caffe\layers</Filter>
    </ClCompile>
    <ClCompile Include="..\..\src\caffe\layers\softmax_loss_layer_multi_label.cpp">
      <Filter>caffe\layers</Filter>
    </ClCompile>
    <ClCompile Include="..\..\src\caffe\layers\lstm_layer_Junhyuk.cpp">
      <Filter>caffe\layers</Filter>
    </ClCompile>
    <ClCompile Include="..\..\src\caffe\layers\interp_layer.cpp">
      <Filter>caffe\layers</Filter>
    </ClCompile>
    <ClCompile Include="..\..\src\caffe\util\interp.cpp">
      <Filter>caffe\layers</Filter>
    </ClCompile>
    <ClCompile Include="..\..\src\caffe\layers\DenseBlock_layer.cpp">
      <Filter>caffe\layers</Filter>
    </ClCompile>
    <ClCompile Include="..\..\tools\caffe.cpp">
      <Filter>tool</Filter>
    </ClCompile>
  </ItemGroup>
  <ItemGroup>
    <ClInclude Include="..\..\src\caffe\proto\caffe.pb.h">
      <Filter>caffe\proto</Filter>
    </ClInclude>
    <ClInclude Include="..\..\include\caffe\util\db.hpp">
      <Filter>caffe\util</Filter>
    </ClInclude>
    <ClInclude Include="..\..\include\caffe\util\device_alternate.hpp">
      <Filter>caffe\util</Filter>
    </ClInclude>
    <ClInclude Include="..\..\include\caffe\common.hpp">
      <Filter>caffe</Filter>
    </ClInclude>
    <ClInclude Include="..\..\include\caffe\layer_factory.hpp">
      <Filter>caffe</Filter>
    </ClInclude>
    <ClInclude Include="..\..\include\caffe\util\db_lmdb.hpp">
      <Filter>caffe\util</Filter>
    </ClInclude>
    <ClInclude Include="..\..\include\caffe\blob.hpp">
      <Filter>caffe\includes</Filter>
    </ClInclude>
    <ClInclude Include="..\..\include\caffe\caffe.hpp">
      <Filter>caffe\includes</Filter>
    </ClInclude>
    <ClInclude Include="..\..\include\caffe\data_reader.hpp">
      <Filter>caffe\includes</Filter>
    </ClInclude>
    <ClInclude Include="..\..\include\caffe\data_transformer.hpp">
      <Filter>caffe\includes</Filter>
    </ClInclude>
    <ClInclude Include="..\..\include\caffe\filler.hpp">
      <Filter>caffe\includes</Filter>
    </ClInclude>
    <ClInclude Include="..\..\include\caffe\internal_thread.hpp">
      <Filter>caffe\includes</Filter>
    </ClInclude>
    <ClInclude Include="..\..\include\caffe\layer.hpp">
      <Filter>caffe\includes</Filter>
    </ClInclude>
    <ClInclude Include="..\..\include\caffe\net.hpp">
      <Filter>caffe\includes</Filter>
    </ClInclude>
    <ClInclude Include="..\..\include\caffe\parallel.hpp">
      <Filter>caffe\includes</Filter>
    </ClInclude>
    <ClInclude Include="..\..\include\caffe\sgd_solvers.hpp">
      <Filter>caffe\includes</Filter>
    </ClInclude>
    <ClInclude Include="..\..\include\caffe\solver.hpp">
      <Filter>caffe\includes</Filter>
    </ClInclude>
    <ClInclude Include="..\..\include\caffe\solver_factory.hpp">
      <Filter>caffe\includes</Filter>
    </ClInclude>
    <ClInclude Include="..\..\include\caffe\syncedmem.hpp">
      <Filter>caffe\includes</Filter>
    </ClInclude>
    <ClInclude Include="..\..\include\caffe\layers\absval_layer.hpp">
      <Filter>caffe\includes</Filter>
    </ClInclude>
    <ClInclude Include="..\..\include\caffe\layers\accuracy_layer.hpp">
      <Filter>caffe\includes</Filter>
    </ClInclude>
    <ClInclude Include="..\..\include\caffe\layers\argmax_layer.hpp">
      <Filter>caffe\includes</Filter>
    </ClInclude>
    <ClInclude Include="..\..\include\caffe\layers\base_conv_layer.hpp">
      <Filter>caffe\includes</Filter>
    </ClInclude>
    <ClInclude Include="..\..\include\caffe\layers\base_data_layer.hpp">
      <Filter>caffe\includes</Filter>
    </ClInclude>
    <ClInclude Include="..\..\include\caffe\layers\batch_norm_layer.hpp">
      <Filter>caffe\includes</Filter>
    </ClInclude>
    <ClInclude Include="..\..\include\caffe\layers\batch_reindex_layer.hpp">
      <Filter>caffe\includes</Filter>
    </ClInclude>
    <ClInclude Include="..\..\include\caffe\layers\bias_layer.hpp">
      <Filter>caffe\includes</Filter>
    </ClInclude>
    <ClInclude Include="..\..\include\caffe\layers\bnll_layer.hpp">
      <Filter>caffe\includes</Filter>
    </ClInclude>
    <ClInclude Include="..\..\include\caffe\layers\concat_layer.hpp">
      <Filter>caffe\includes</Filter>
    </ClInclude>
    <ClInclude Include="..\..\include\caffe\layers\contrastive_loss_layer.hpp">
      <Filter>caffe\includes</Filter>
    </ClInclude>
    <ClInclude Include="..\..\include\caffe\layers\conv_layer.hpp">
      <Filter>caffe\includes</Filter>
    </ClInclude>
    <ClInclude Include="..\..\include\caffe\layers\crop_layer.hpp">
      <Filter>caffe\includes</Filter>
    </ClInclude>
    <ClInclude Include="..\..\include\caffe\layers\cudnn_conv_layer.hpp">
      <Filter>caffe\includes</Filter>
    </ClInclude>
    <ClInclude Include="..\..\include\caffe\layers\cudnn_lcn_layer.hpp">
      <Filter>caffe\includes</Filter>
    </ClInclude>
    <ClInclude Include="..\..\include\caffe\layers\cudnn_lrn_layer.hpp">
      <Filter>caffe\includes</Filter>
    </ClInclude>
    <ClInclude Include="..\..\include\caffe\layers\cudnn_pooling_layer.hpp">
      <Filter>caffe\includes</Filter>
    </ClInclude>
    <ClInclude Include="..\..\include\caffe\layers\cudnn_relu_layer.hpp">
      <Filter>caffe\includes</Filter>
    </ClInclude>
    <ClInclude Include="..\..\include\caffe\layers\cudnn_sigmoid_layer.hpp">
      <Filter>caffe\includes</Filter>
    </ClInclude>
    <ClInclude Include="..\..\include\caffe\layers\cudnn_softmax_layer.hpp">
      <Filter>caffe\includes</Filter>
    </ClInclude>
    <ClInclude Include="..\..\include\caffe\layers\cudnn_tanh_layer.hpp">
      <Filter>caffe\includes</Filter>
    </ClInclude>
    <ClInclude Include="..\..\include\caffe\layers\data_layer.hpp">
      <Filter>caffe\includes</Filter>
    </ClInclude>
    <ClInclude Include="..\..\include\caffe\layers\deconv_layer.hpp">
      <Filter>caffe\includes</Filter>
    </ClInclude>
    <ClInclude Include="..\..\include\caffe\layers\dropout_layer.hpp">
      <Filter>caffe\includes</Filter>
    </ClInclude>
    <ClInclude Include="..\..\include\caffe\layers\dummy_data_layer.hpp">
      <Filter>caffe\includes</Filter>
    </ClInclude>
    <ClInclude Include="..\..\include\caffe\layers\eltwise_layer.hpp">
      <Filter>caffe\includes</Filter>
    </ClInclude>
    <ClInclude Include="..\..\include\caffe\layers\elu_layer.hpp">
      <Filter>caffe\includes</Filter>
    </ClInclude>
    <ClInclude Include="..\..\include\caffe\layers\embed_layer.hpp">
      <Filter>caffe\includes</Filter>
    </ClInclude>
    <ClInclude Include="..\..\include\caffe\layers\euclidean_loss_layer.hpp">
      <Filter>caffe\includes</Filter>
    </ClInclude>
    <ClInclude Include="..\..\include\caffe\layers\exp_layer.hpp">
      <Filter>caffe\includes</Filter>
    </ClInclude>
    <ClInclude Include="..\..\include\caffe\layers\filter_layer.hpp">
      <Filter>caffe\includes</Filter>
    </ClInclude>
    <ClInclude Include="..\..\include\caffe\layers\flatten_layer.hpp">
      <Filter>caffe\includes</Filter>
    </ClInclude>
    <ClInclude Include="..\..\include\caffe\layers\hdf5_data_layer.hpp">
      <Filter>caffe\includes</Filter>
    </ClInclude>
    <ClInclude Include="..\..\include\caffe\layers\hdf5_output_layer.hpp">
      <Filter>caffe\includes</Filter>
    </ClInclude>
    <ClInclude Include="..\..\include\caffe\layers\hinge_loss_layer.hpp">
      <Filter>caffe\includes</Filter>
    </ClInclude>
    <ClInclude Include="..\..\include\caffe\layers\im2col_layer.hpp">
      <Filter>caffe\includes</Filter>
    </ClInclude>
    <ClInclude Include="..\..\include\caffe\layers\image_data_layer.hpp">
      <Filter>caffe\includes</Filter>
    </ClInclude>
    <ClInclude Include="..\..\include\caffe\layers\infogain_loss_layer.hpp">
      <Filter>caffe\includes</Filter>
    </ClInclude>
    <ClInclude Include="..\..\include\caffe\layers\inner_product_layer.hpp">
      <Filter>caffe\includes</Filter>
    </ClInclude>
    <ClInclude Include="..\..\include\caffe\layers\input_layer.hpp">
      <Filter>caffe\includes</Filter>
    </ClInclude>
    <ClInclude Include="..\..\include\caffe\layers\log_layer.hpp">
      <Filter>caffe\includes</Filter>
    </ClInclude>
    <ClInclude Include="..\..\include\caffe\layers\loss_layer.hpp">
      <Filter>caffe\includes</Filter>
    </ClInclude>
    <ClInclude Include="..\..\include\caffe\layers\lrn_layer.hpp">
      <Filter>caffe\includes</Filter>
    </ClInclude>
    <ClInclude Include="..\..\include\caffe\layers\lstm_layer.hpp">
      <Filter>caffe\includes</Filter>
    </ClInclude>
    <ClInclude Include="..\..\include\caffe\layers\memory_data_layer.hpp">
      <Filter>caffe\includes</Filter>
    </ClInclude>
    <ClInclude Include="..\..\include\caffe\layers\multinomial_logistic_loss_layer.hpp">
      <Filter>caffe\includes</Filter>
    </ClInclude>
    <ClInclude Include="..\..\include\caffe\layers\mvn_layer.hpp">
      <Filter>caffe\includes</Filter>
    </ClInclude>
    <ClInclude Include="..\..\include\caffe\layers\neuron_layer.hpp">
      <Filter>caffe\includes</Filter>
    </ClInclude>
    <ClInclude Include="..\..\include\caffe\layers\parameter_layer.hpp">
      <Filter>caffe\includes</Filter>
    </ClInclude>
    <ClInclude Include="..\..\include\caffe\layers\pooling_layer.hpp">
      <Filter>caffe\includes</Filter>
    </ClInclude>
    <ClInclude Include="..\..\include\caffe\layers\power_layer.hpp">
      <Filter>caffe\includes</Filter>
    </ClInclude>
    <ClInclude Include="..\..\include\caffe\layers\prelu_layer.hpp">
      <Filter>caffe\includes</Filter>
    </ClInclude>
    <ClInclude Include="..\..\include\caffe\layers\python_layer.hpp">
      <Filter>caffe\includes</Filter>
    </ClInclude>
    <ClInclude Include="..\..\include\caffe\layers\recurrent_layer.hpp">
      <Filter>caffe\includes</Filter>
    </ClInclude>
    <ClInclude Include="..\..\include\caffe\layers\reduction_layer.hpp">
      <Filter>caffe\includes</Filter>
    </ClInclude>
    <ClInclude Include="..\..\include\caffe\layers\relu_layer.hpp">
      <Filter>caffe\includes</Filter>
    </ClInclude>
    <ClInclude Include="..\..\include\caffe\layers\reshape_layer.hpp">
      <Filter>caffe\includes</Filter>
    </ClInclude>
    <ClInclude Include="..\..\include\caffe\layers\rnn_layer.hpp">
      <Filter>caffe\includes</Filter>
    </ClInclude>
    <ClInclude Include="..\..\include\caffe\layers\scale_layer.hpp">
      <Filter>caffe\includes</Filter>
    </ClInclude>
    <ClInclude Include="..\..\include\caffe\layers\sigmoid_cross_entropy_loss_layer.hpp">
      <Filter>caffe\includes</Filter>
    </ClInclude>
    <ClInclude Include="..\..\include\caffe\layers\sigmoid_layer.hpp">
      <Filter>caffe\includes</Filter>
    </ClInclude>
    <ClInclude Include="..\..\include\caffe\layers\silence_layer.hpp">
      <Filter>caffe\includes</Filter>
    </ClInclude>
    <ClInclude Include="..\..\include\caffe\layers\slice_layer.hpp">
      <Filter>caffe\includes</Filter>
    </ClInclude>
    <ClInclude Include="..\..\include\caffe\layers\softmax_layer.hpp">
      <Filter>caffe\includes</Filter>
    </ClInclude>
    <ClInclude Include="..\..\include\caffe\layers\softmax_loss_layer.hpp">
      <Filter>caffe\includes</Filter>
    </ClInclude>
    <ClInclude Include="..\..\include\caffe\layers\split_layer.hpp">
      <Filter>caffe\includes</Filter>
    </ClInclude>
    <ClInclude Include="..\..\include\caffe\layers\spp_layer.hpp">
      <Filter>caffe\includes</Filter>
    </ClInclude>
    <ClInclude Include="..\..\include\caffe\layers\tanh_layer.hpp">
      <Filter>caffe\includes</Filter>
    </ClInclude>
    <ClInclude Include="..\..\include\caffe\layers\threshold_layer.hpp">
      <Filter>caffe\includes</Filter>
    </ClInclude>
    <ClInclude Include="..\..\include\caffe\layers\tile_layer.hpp">
      <Filter>caffe\includes</Filter>
    </ClInclude>
    <ClInclude Include="..\..\include\caffe\layers\window_data_layer.hpp">
      <Filter>caffe\includes</Filter>
    </ClInclude>
    <ClInclude Include="..\..\include\caffe\proto\caffe.pb.h">
      <Filter>caffe\includes</Filter>
    </ClInclude>
    <ClInclude Include="..\..\include\caffe\layers\group_image_data_layer.hpp">
      <Filter>caffe\includes</Filter>
    </ClInclude>
    <ClInclude Include="..\..\include\caffe\util\math_functions.hpp">
      <Filter>caffe\includes</Filter>
    </ClInclude>
  </ItemGroup>
  <ItemGroup>
    <CudaCompile Include="..\..\src\caffe\layers\absval_layer.cu">
      <Filter>caffe\layers</Filter>
    </CudaCompile>
    <CudaCompile Include="..\..\src\caffe\layers\base_data_layer.cu">
      <Filter>caffe\layers</Filter>
    </CudaCompile>
    <CudaCompile Include="..\..\src\caffe\layers\batch_norm_layer.cu">
      <Filter>caffe\layers</Filter>
    </CudaCompile>
    <CudaCompile Include="..\..\src\caffe\layers\batch_reindex_layer.cu">
      <Filter>caffe\layers</Filter>
    </CudaCompile>
    <CudaCompile Include="..\..\src\caffe\layers\bias_layer.cu">
      <Filter>caffe\layers</Filter>
    </CudaCompile>
    <CudaCompile Include="..\..\src\caffe\layers\bnll_layer.cu">
      <Filter>caffe\layers</Filter>
    </CudaCompile>
    <CudaCompile Include="..\..\src\caffe\layers\concat_layer.cu">
      <Filter>caffe\layers</Filter>
    </CudaCompile>
    <CudaCompile Include="..\..\src\caffe\layers\contrastive_loss_layer.cu">
      <Filter>caffe\layers</Filter>
    </CudaCompile>
    <CudaCompile Include="..\..\src\caffe\layers\conv_layer.cu">
      <Filter>caffe\layers</Filter>
    </CudaCompile>
    <CudaCompile Include="..\..\src\caffe\layers\crop_layer.cu">
      <Filter>caffe\layers</Filter>
    </CudaCompile>
    <CudaCompile Include="..\..\src\caffe\layers\cudnn_conv_layer.cu">
      <Filter>caffe\layers</Filter>
    </CudaCompile>
    <CudaCompile Include="..\..\src\caffe\layers\cudnn_lcn_layer.cu">
      <Filter>caffe\layers</Filter>
    </CudaCompile>
    <CudaCompile Include="..\..\src\caffe\layers\cudnn_lrn_layer.cu">
      <Filter>caffe\layers</Filter>
    </CudaCompile>
    <CudaCompile Include="..\..\src\caffe\layers\cudnn_pooling_layer.cu">
      <Filter>caffe\layers</Filter>
    </CudaCompile>
    <CudaCompile Include="..\..\src\caffe\layers\cudnn_relu_layer.cu">
      <Filter>caffe\layers</Filter>
    </CudaCompile>
    <CudaCompile Include="..\..\src\caffe\layers\cudnn_sigmoid_layer.cu">
      <Filter>caffe\layers</Filter>
    </CudaCompile>
    <CudaCompile Include="..\..\src\caffe\layers\cudnn_softmax_layer.cu">
      <Filter>caffe\layers</Filter>
    </CudaCompile>
    <CudaCompile Include="..\..\src\caffe\layers\cudnn_tanh_layer.cu">
      <Filter>caffe\layers</Filter>
    </CudaCompile>
    <CudaCompile Include="..\..\src\caffe\layers\deconv_layer.cu">
      <Filter>caffe\layers</Filter>
    </CudaCompile>
    <CudaCompile Include="..\..\src\caffe\layers\dropout_layer.cu">
      <Filter>caffe\layers</Filter>
    </CudaCompile>
    <CudaCompile Include="..\..\src\caffe\layers\eltwise_layer.cu">
      <Filter>caffe\layers</Filter>
    </CudaCompile>
    <CudaCompile Include="..\..\src\caffe\layers\elu_layer.cu">
      <Filter>caffe\layers</Filter>
    </CudaCompile>
    <CudaCompile Include="..\..\src\caffe\layers\embed_layer.cu">
      <Filter>caffe\layers</Filter>
    </CudaCompile>
    <CudaCompile Include="..\..\src\caffe\layers\euclidean_loss_layer.cu">
      <Filter>caffe\layers</Filter>
    </CudaCompile>
    <CudaCompile Include="..\..\src\caffe\layers\exp_layer.cu">
      <Filter>caffe\layers</Filter>
    </CudaCompile>
    <CudaCompile Include="..\..\src\caffe\layers\filter_layer.cu">
      <Filter>caffe\layers</Filter>
    </CudaCompile>
    <CudaCompile Include="..\..\src\caffe\layers\hdf5_data_layer.cu">
      <Filter>caffe\layers</Filter>
    </CudaCompile>
    <CudaCompile Include="..\..\src\caffe\layers\hdf5_output_layer.cu">
      <Filter>caffe\layers</Filter>
    </CudaCompile>
    <CudaCompile Include="..\..\src\caffe\layers\im2col_layer.cu">
      <Filter>caffe\layers</Filter>
    </CudaCompile>
    <CudaCompile Include="..\..\src\caffe\layers\inner_product_layer.cu">
      <Filter>caffe\layers</Filter>
    </CudaCompile>
    <CudaCompile Include="..\..\src\caffe\layers\log_layer.cu">
      <Filter>caffe\layers</Filter>
    </CudaCompile>
    <CudaCompile Include="..\..\src\caffe\layers\lrn_layer.cu">
      <Filter>caffe\layers</Filter>
    </CudaCompile>
    <CudaCompile Include="..\..\src\caffe\layers\mvn_layer.cu">
      <Filter>caffe\layers</Filter>
    </CudaCompile>
    <CudaCompile Include="..\..\src\caffe\layers\pooling_layer.cu">
      <Filter>caffe\layers</Filter>
    </CudaCompile>
    <CudaCompile Include="..\..\src\caffe\layers\power_layer.cu">
      <Filter>caffe\layers</Filter>
    </CudaCompile>
    <CudaCompile Include="..\..\src\caffe\layers\prelu_layer.cu">
      <Filter>caffe\layers</Filter>
    </CudaCompile>
    <CudaCompile Include="..\..\src\caffe\layers\reduction_layer.cu">
      <Filter>caffe\layers</Filter>
    </CudaCompile>
    <CudaCompile Include="..\..\src\caffe\layers\relu_layer.cu">
      <Filter>caffe\layers</Filter>
    </CudaCompile>
    <CudaCompile Include="..\..\src\caffe\layers\scale_layer.cu">
      <Filter>caffe\layers</Filter>
    </CudaCompile>
    <CudaCompile Include="..\..\src\caffe\layers\sigmoid_cross_entropy_loss_layer.cu">
      <Filter>caffe\layers</Filter>
    </CudaCompile>
    <CudaCompile Include="..\..\src\caffe\layers\sigmoid_layer.cu">
      <Filter>caffe\layers</Filter>
    </CudaCompile>
    <CudaCompile Include="..\..\src\caffe\layers\silence_layer.cu">
      <Filter>caffe\layers</Filter>
    </CudaCompile>
    <CudaCompile Include="..\..\src\caffe\layers\slice_layer.cu">
      <Filter>caffe\layers</Filter>
    </CudaCompile>
    <CudaCompile Include="..\..\src\caffe\layers\softmax_layer.cu">
      <Filter>caffe\layers</Filter>
    </CudaCompile>
    <CudaCompile Include="..\..\src\caffe\layers\softmax_loss_layer.cu">
      <Filter>caffe\layers</Filter>
    </CudaCompile>
    <CudaCompile Include="..\..\src\caffe\layers\split_layer.cu">
      <Filter>caffe\layers</Filter>
    </CudaCompile>
    <CudaCompile Include="..\..\src\caffe\layers\tanh_layer.cu">
      <Filter>caffe\layers</Filter>
    </CudaCompile>
    <CudaCompile Include="..\..\src\caffe\layers\threshold_layer.cu">
      <Filter>caffe\layers</Filter>
    </CudaCompile>
    <CudaCompile Include="..\..\src\caffe\layers\tile_layer.cu">
      <Filter>caffe\layers</Filter>
    </CudaCompile>
    <CudaCompile Include="..\..\src\caffe\util\im2col.cu">
      <Filter>caffe\util</Filter>
    </CudaCompile>
    <CudaCompile Include="..\..\src\caffe\util\math_functions.cu">
      <Filter>caffe\util</Filter>
    </CudaCompile>
    <CudaCompile Include="..\..\src\caffe\solvers\adadelta_solver.cu">
      <Filter>caffe\solvers</Filter>
    </CudaCompile>
    <CudaCompile Include="..\..\src\caffe\solvers\adagrad_solver.cu">
      <Filter>caffe\solvers</Filter>
    </CudaCompile>
    <CudaCompile Include="..\..\src\caffe\solvers\adam_solver.cu">
      <Filter>caffe\solvers</Filter>
    </CudaCompile>
    <CudaCompile Include="..\..\src\caffe\solvers\nesterov_solver.cu">
      <Filter>caffe\solvers</Filter>
    </CudaCompile>
    <CudaCompile Include="..\..\src\caffe\solvers\rmsprop_solver.cu">
      <Filter>caffe\solvers</Filter>
    </CudaCompile>
    <CudaCompile Include="..\..\src\caffe\solvers\sgd_solver.cu">
      <Filter>caffe\solvers</Filter>
    </CudaCompile>
    <CudaCompile Include="..\..\src\caffe\layers\lstm_unit_layer.cu">
      <Filter>caffe\layers</Filter>
    </CudaCompile>
    <CudaCompile Include="..\..\src\caffe\layers\recurrent_layer.cu">
      <Filter>caffe\layers</Filter>
    </CudaCompile>
    <CudaCompile Include="..\..\src\caffe\layers\ctcpp_entrypoint.cu">
      <Filter>caffe\layers</Filter>
    </CudaCompile>
    <CudaCompile Include="..\..\src\caffe\layers\reverse_layer.cu">
      <Filter>caffe\layers</Filter>
    </CudaCompile>
    <CudaCompile Include="..\..\src\caffe\layers\reverse_time_layer.cu">
      <Filter>caffe\layers</Filter>
    </CudaCompile>
    <CudaCompile Include="..\..\src\caffe\layers\transpose_layer.cu">
      <Filter>caffe\layers</Filter>
    </CudaCompile>
    <CudaCompile Include="..\..\src\caffe\layers\warp_ctc_loss_layer.cu">
      <Filter>caffe\layers</Filter>
    </CudaCompile>
    <CudaCompile Include="..\..\src\caffe\layers\reduce.cu">
      <Filter>caffe\layers</Filter>
    </CudaCompile>
    <CudaCompile Include="..\..\src\caffe\layers\softmax_loss_layer_multi_label.cu">
      <Filter>caffe\layers</Filter>
    </CudaCompile>
    <CudaCompile Include="..\..\src\caffe\layers\lstm_layer_Junhyuk.cu">
      <Filter>caffe\layers</Filter>
    </CudaCompile>
    <CudaCompile Include="..\..\src\caffe\util\interp.cu">
      <Filter>caffe\layers</Filter>
    </CudaCompile>
    <CudaCompile Include="..\..\src\caffe\layers\DenseBlock_layer.cu">
      <Filter>caffe\layers</Filter>
    </CudaCompile>
  </ItemGroup>
  <ItemGroup>
    <Text Include="..\..\tools\readme.txt" />
  </ItemGroup>
</Project>